
Microsoft Visual Studio Solution File, Format Version 12.00
# Visual Studio Version 17
VisualStudioVersion = 17.0.31903.59
MinimumVisualStudioVersion = 10.0.40219.1
Project("{FAE04EC0-301F-11D3-BF4B-00C04F79EFBC}") = "CORE", "CORE\CORE.csproj", "{D834A934-A43D-4D50-AD1B-02F3CF63EB55}"
EndProject
Project("{FAE04EC0-301F-11D3-BF4B-00C04F79EFBC}") = "APP", "APP\APP.csproj", "{7EB700F4-B1B4-450A-BC6D-FE589333C35F}"
EndProject
Project("{FAE04EC0-301F-11D3-BF4B-00C04F79EFBC}") = "API", "API\API.csproj", "{2A2669CF-EE7C-4A47-8E3F-FAD40E6DE6E2}"
EndProject
Project("{FAE04EC0-301F-11D3-BF4B-00C04F79EFBC}") = "INFRA", "INFRA\INFRA.csproj", "{36BBC913-7D17-4BCD-9039-8480F1891FCF}"
EndProject
Global
	GlobalSection(SolutionConfigurationPlatforms) = preSolution
		Debug|Any CPU = Debug|Any CPU
		Release|Any CPU = Release|Any CPU
	EndGlobalSection
	GlobalSection(SolutionProperties) = preSolution
		HideSolutionNode = FALSE
	EndGlobalSection
	GlobalSection(ProjectConfigurationPlatforms) = postSolution
		{D834A934-A43D-4D50-AD1B-02F3CF63EB55}.Debug|Any CPU.ActiveCfg = Debug|Any CPU
		{D834A934-A43D-4D50-AD1B-02F3CF63EB55}.Debug|Any CPU.Build.0 = Debug|Any CPU
		{D834A934-A43D-4D50-AD1B-02F3CF63EB55}.Release|Any CPU.ActiveCfg = Release|Any CPU
		{D834A934-A43D-4D50-AD1B-02F3CF63EB55}.Release|Any CPU.Build.0 = Release|Any CPU
		{7EB700F4-B1B4-450A-BC6D-FE589333C35F}.Debug|Any CPU.ActiveCfg = Debug|Any CPU
		{7EB700F4-B1B4-450A-BC6D-FE589333C35F}.Debug|Any CPU.Build.0 = Debug|Any CPU
		{7EB700F4-B1B4-450A-BC6D-FE589333C35F}.Release|Any CPU.ActiveCfg = Release|Any CPU
		{7EB700F4-B1B4-450A-BC6D-FE589333C35F}.Release|Any CPU.Build.0 = Release|Any CPU
		{2A2669CF-EE7C-4A47-8E3F-FAD40E6DE6E2}.Debug|Any CPU.ActiveCfg = Debug|Any CPU
		{2A2669CF-EE7C-4A47-8E3F-FAD40E6DE6E2}.Debug|Any CPU.Build.0 = Debug|Any CPU
		{2A2669CF-EE7C-4A47-8E3F-FAD40E6DE6E2}.Release|Any CPU.ActiveCfg = Release|Any CPU
		{2A2669CF-EE7C-4A47-8E3F-FAD40E6DE6E2}.Release|Any CPU.Build.0 = Release|Any CPU
		{36BBC913-7D17-4BCD-9039-8480F1891FCF}.Debug|Any CPU.ActiveCfg = Debug|Any CPU
		{36BBC913-7D17-4BCD-9039-8480F1891FCF}.Debug|Any CPU.Build.0 = Debug|Any CPU
		{36BBC913-7D17-4BCD-9039-8480F1891FCF}.Release|Any CPU.ActiveCfg = Release|Any CPU
		{36BBC913-7D17-4BCD-9039-8480F1891FCF}.Release|Any CPU.Build.0 = Release|Any CPU
	EndGlobalSection
EndGlobal
