
Microsoft Visual Studio Solution File, Format Version 12.00
# Visual Studio Version 17
VisualStudioVersion = 17.0.31903.59
MinimumVisualStudioVersion = 10.0.40219.1
Project("{2150E333-8FDC-42A3-9474-1A3956D46DE8}") = "Teams", "Teams", "{E0704E3B-2BF8-487B-9BA6-21E8ABE44AB1}"
EndProject
Project("{FAE04EC0-301F-11D3-BF4B-00C04F79EFBC}") = "API.Layer", "Teams\API.Layer\API.Layer.csproj", "{A08CC142-3BE0-4D54-94D1-5A1C76C5660B}"
EndProject
Project("{FAE04EC0-301F-11D3-BF4B-00C04F79EFBC}") = "APP.Layer", "Teams\APP.Layer\APP.Layer.csproj", "{CF0D4B69-54E0-42C5-9405-6922EAF61FA2}"
EndProject
Project("{FAE04EC0-301F-11D3-BF4B-00C04F79EFBC}") = "CORE.Layer", "Teams\CORE.Layer\CORE.Layer.csproj", "{7AA13C30-C5CC-4A61-A39D-58E192336111}"
EndProject
Project("{FAE04EC0-301F-11D3-BF4B-00C04F79EFBC}") = "INFRA.Layer", "Teams\INFRA.Layer\INFRA.Layer.csproj", "{5D0B1DFC-A111-4EF2-B521-7F82C20F76BF}"
EndProject
Global
	GlobalSection(SolutionConfigurationPlatforms) = preSolution
		Debug|Any CPU = Debug|Any CPU
		Release|Any CPU = Release|Any CPU
	EndGlobalSection
	GlobalSection(SolutionProperties) = preSolution
		HideSolutionNode = FALSE
	EndGlobalSection
	GlobalSection(ProjectConfigurationPlatforms) = postSolution
		{A08CC142-3BE0-4D54-94D1-5A1C76C5660B}.Debug|Any CPU.ActiveCfg = Debug|Any CPU
		{A08CC142-3BE0-4D54-94D1-5A1C76C5660B}.Debug|Any CPU.Build.0 = Debug|Any CPU
		{A08CC142-3BE0-4D54-94D1-5A1C76C5660B}.Release|Any CPU.ActiveCfg = Release|Any CPU
		{A08CC142-3BE0-4D54-94D1-5A1C76C5660B}.Release|Any CPU.Build.0 = Release|Any CPU
		{CF0D4B69-54E0-42C5-9405-6922EAF61FA2}.Debug|Any CPU.ActiveCfg = Debug|Any CPU
		{CF0D4B69-54E0-42C5-9405-6922EAF61FA2}.Debug|Any CPU.Build.0 = Debug|Any CPU
		{CF0D4B69-54E0-42C5-9405-6922EAF61FA2}.Release|Any CPU.ActiveCfg = Release|Any CPU
		{CF0D4B69-54E0-42C5-9405-6922EAF61FA2}.Release|Any CPU.Build.0 = Release|Any CPU
		{7AA13C30-C5CC-4A61-A39D-58E192336111}.Debug|Any CPU.ActiveCfg = Debug|Any CPU
		{7AA13C30-C5CC-4A61-A39D-58E192336111}.Debug|Any CPU.Build.0 = Debug|Any CPU
		{7AA13C30-C5CC-4A61-A39D-58E192336111}.Release|Any CPU.ActiveCfg = Release|Any CPU
		{7AA13C30-C5CC-4A61-A39D-58E192336111}.Release|Any CPU.Build.0 = Release|Any CPU
		{5D0B1DFC-A111-4EF2-B521-7F82C20F76BF}.Debug|Any CPU.ActiveCfg = Debug|Any CPU
		{5D0B1DFC-A111-4EF2-B521-7F82C20F76BF}.Debug|Any CPU.Build.0 = Debug|Any CPU
		{5D0B1DFC-A111-4EF2-B521-7F82C20F76BF}.Release|Any CPU.ActiveCfg = Release|Any CPU
		{5D0B1DFC-A111-4EF2-B521-7F82C20F76BF}.Release|Any CPU.Build.0 = Release|Any CPU
	EndGlobalSection
	GlobalSection(NestedProjects) = preSolution
		{A08CC142-3BE0-4D54-94D1-5A1C76C5660B} = {E0704E3B-2BF8-487B-9BA6-21E8ABE44AB1}
		{CF0D4B69-54E0-42C5-9405-6922EAF61FA2} = {E0704E3B-2BF8-487B-9BA6-21E8ABE44AB1}
		{7AA13C30-C5CC-4A61-A39D-58E192336111} = {E0704E3B-2BF8-487B-9BA6-21E8ABE44AB1}
		{5D0B1DFC-A111-4EF2-B521-7F82C20F76BF} = {E0704E3B-2BF8-487B-9BA6-21E8ABE44AB1}
	EndGlobalSection
EndGlobal
